
Microsoft Visual Studio Solution File, Format Version 12.00
# Visual Studio Version 16
VisualStudioVersion = 16.0.31424.327
MinimumVisualStudioVersion = 10.0.40219.1
Project("{FAE04EC0-301F-11D3-BF4B-00C04F79EFBC}") = "Servicio_web", "Servicio_web\Servicio_web.csproj", "{79C3A511-7570-49A3-B5BA-A495B8DB4D13}"
EndProject
Project("{FAE04EC0-301F-11D3-BF4B-00C04F79EFBC}") = "Servicio_web_Model", "Servicio_web_Model\Servicio_web_Model.csproj", "{F9C778A8-3892-4A08-8DAC-01F9A931985E}"
EndProject
Global
	GlobalSection(SolutionConfigurationPlatforms) = preSolution
		Debug|Any CPU = Debug|Any CPU
		Release|Any CPU = Release|Any CPU
	EndGlobalSection
	GlobalSection(ProjectConfigurationPlatforms) = postSolution
		{79C3A511-7570-49A3-B5BA-A495B8DB4D13}.Debug|Any CPU.ActiveCfg = Debug|Any CPU
		{79C3A511-7570-49A3-B5BA-A495B8DB4D13}.Debug|Any CPU.Build.0 = Debug|Any CPU
		{79C3A511-7570-49A3-B5BA-A495B8DB4D13}.Release|Any CPU.ActiveCfg = Release|Any CPU
		{79C3A511-7570-49A3-B5BA-A495B8DB4D13}.Release|Any CPU.Build.0 = Release|Any CPU
		{F9C778A8-3892-4A08-8DAC-01F9A931985E}.Debug|Any CPU.ActiveCfg = Debug|Any CPU
		{F9C778A8-3892-4A08-8DAC-01F9A931985E}.Debug|Any CPU.Build.0 = Debug|Any CPU
		{F9C778A8-3892-4A08-8DAC-01F9A931985E}.Release|Any CPU.ActiveCfg = Release|Any CPU
		{F9C778A8-3892-4A08-8DAC-01F9A931985E}.Release|Any CPU.Build.0 = Release|Any CPU
	EndGlobalSection
	GlobalSection(SolutionProperties) = preSolution
		HideSolutionNode = FALSE
	EndGlobalSection
	GlobalSection(ExtensibilityGlobals) = postSolution
		SolutionGuid = {6580CC14-AB23-467F-BB80-74E36273E0F5}
	EndGlobalSection
EndGlobal
